
Microsoft Visual Studio Solution File, Format Version 12.00
# Visual Studio Version 16
VisualStudioVersion = 16.0.31424.327
MinimumVisualStudioVersion = 10.0.40219.1
Project("{FAE04EC0-301F-11D3-BF4B-00C04F79EFBC}") = "Impact assignment", "Impact assignment.csproj", "{0C60DBAA-1B6F-4D53-A829-ABC70C000CE2}"
EndProject
Project("{FAE04EC0-301F-11D3-BF4B-00C04F79EFBC}") = "TestImpactAssignment", "..\TestImpactAssignment\TestImpactAssignment.csproj", "{74B12E36-9605-4154-93E8-C7CBDE166CE6}"
EndProject
Global
	GlobalSection(SolutionConfigurationPlatforms) = preSolution
		Debug|Any CPU = Debug|Any CPU
		Release|Any CPU = Release|Any CPU
	EndGlobalSection
	GlobalSection(ProjectConfigurationPlatforms) = postSolution
		{0C60DBAA-1B6F-4D53-A829-ABC70C000CE2}.Debug|Any CPU.ActiveCfg = Debug|Any CPU
		{0C60DBAA-1B6F-4D53-A829-ABC70C000CE2}.Debug|Any CPU.Build.0 = Debug|Any CPU
		{0C60DBAA-1B6F-4D53-A829-ABC70C000CE2}.Release|Any CPU.ActiveCfg = Release|Any CPU
		{0C60DBAA-1B6F-4D53-A829-ABC70C000CE2}.Release|Any CPU.Build.0 = Release|Any CPU
		{74B12E36-9605-4154-93E8-C7CBDE166CE6}.Debug|Any CPU.ActiveCfg = Debug|Any CPU
		{74B12E36-9605-4154-93E8-C7CBDE166CE6}.Debug|Any CPU.Build.0 = Debug|Any CPU
		{74B12E36-9605-4154-93E8-C7CBDE166CE6}.Release|Any CPU.ActiveCfg = Release|Any CPU
		{74B12E36-9605-4154-93E8-C7CBDE166CE6}.Release|Any CPU.Build.0 = Release|Any CPU
	EndGlobalSection
	GlobalSection(SolutionProperties) = preSolution
		HideSolutionNode = FALSE
	EndGlobalSection
	GlobalSection(ExtensibilityGlobals) = postSolution
		SolutionGuid = {736DD14D-028C-4FE0-AB86-4C168DC9891B}
	EndGlobalSection
EndGlobal
